
Microsoft Visual Studio Solution File, Format Version 12.00
# Visual Studio Version 17
VisualStudioVersion = 17.3.32819.101
MinimumVisualStudioVersion = 10.0.40219.1
Project("{FAE04EC0-301F-11D3-BF4B-00C04F79EFBC}") = "WebApp", "WebApp\WebApp.csproj", "{4DB6FA6B-15FD-4548-AB1C-9074C545CF74}"
EndProject
Project("{FAE04EC0-301F-11D3-BF4B-00C04F79EFBC}") = "ChinookSystem", "ChinookSystem\ChinookSystem.csproj", "{80887BC1-DC12-4BDE-BF7F-B15A4502ADF1}"
EndProject
Global
	GlobalSection(SolutionConfigurationPlatforms) = preSolution
		Debug|Any CPU = Debug|Any CPU
		Release|Any CPU = Release|Any CPU
	EndGlobalSection
	GlobalSection(ProjectConfigurationPlatforms) = postSolution
		{4DB6FA6B-15FD-4548-AB1C-9074C545CF74}.Debug|Any CPU.ActiveCfg = Debug|Any CPU
		{4DB6FA6B-15FD-4548-AB1C-9074C545CF74}.Debug|Any CPU.Build.0 = Debug|Any CPU
		{4DB6FA6B-15FD-4548-AB1C-9074C545CF74}.Release|Any CPU.ActiveCfg = Release|Any CPU
		{4DB6FA6B-15FD-4548-AB1C-9074C545CF74}.Release|Any CPU.Build.0 = Release|Any CPU
		{80887BC1-DC12-4BDE-BF7F-B15A4502ADF1}.Debug|Any CPU.ActiveCfg = Debug|Any CPU
		{80887BC1-DC12-4BDE-BF7F-B15A4502ADF1}.Debug|Any CPU.Build.0 = Debug|Any CPU
		{80887BC1-DC12-4BDE-BF7F-B15A4502ADF1}.Release|Any CPU.ActiveCfg = Release|Any CPU
		{80887BC1-DC12-4BDE-BF7F-B15A4502ADF1}.Release|Any CPU.Build.0 = Release|Any CPU
	EndGlobalSection
	GlobalSection(SolutionProperties) = preSolution
		HideSolutionNode = FALSE
	EndGlobalSection
	GlobalSection(ExtensibilityGlobals) = postSolution
		SolutionGuid = {5DF44622-C896-469B-B48A-FADEED8D46D2}
	EndGlobalSection
EndGlobal
